
Microsoft Visual Studio Solution File, Format Version 12.00
# Visual Studio Version 17
VisualStudioVersion = 17.5.33530.505
MinimumVisualStudioVersion = 10.0.40219.1
Project("{9A19103F-16F7-4668-BE54-9A1E7A4F7556}") = "CommonLogic", "CommonLogic\CommonLogic.csproj", "{F679163D-B23A-46F4-895D-2D19E2F800DB}"
EndProject
Project("{9A19103F-16F7-4668-BE54-9A1E7A4F7556}") = "GameConsole", "GameConsole\GameConsole.csproj", "{06CC8C11-BF6A-41E7-8BEA-5A64156DD020}"
EndProject
Project("{9A19103F-16F7-4668-BE54-9A1E7A4F7556}") = "GameGui", "GameGui\GameGui.csproj", "{C3171C8D-FAD6-4A07-8BFB-141668A871E0}"
EndProject
Global
	GlobalSection(SolutionConfigurationPlatforms) = preSolution
		Debug|Any CPU = Debug|Any CPU
		Release|Any CPU = Release|Any CPU
	EndGlobalSection
	GlobalSection(ProjectConfigurationPlatforms) = postSolution
		{F679163D-B23A-46F4-895D-2D19E2F800DB}.Debug|Any CPU.ActiveCfg = Debug|Any CPU
		{F679163D-B23A-46F4-895D-2D19E2F800DB}.Debug|Any CPU.Build.0 = Debug|Any CPU
		{F679163D-B23A-46F4-895D-2D19E2F800DB}.Release|Any CPU.ActiveCfg = Release|Any CPU
		{F679163D-B23A-46F4-895D-2D19E2F800DB}.Release|Any CPU.Build.0 = Release|Any CPU
		{06CC8C11-BF6A-41E7-8BEA-5A64156DD020}.Debug|Any CPU.ActiveCfg = Debug|Any CPU
		{06CC8C11-BF6A-41E7-8BEA-5A64156DD020}.Debug|Any CPU.Build.0 = Debug|Any CPU
		{06CC8C11-BF6A-41E7-8BEA-5A64156DD020}.Release|Any CPU.ActiveCfg = Release|Any CPU
		{06CC8C11-BF6A-41E7-8BEA-5A64156DD020}.Release|Any CPU.Build.0 = Release|Any CPU
		{C3171C8D-FAD6-4A07-8BFB-141668A871E0}.Debug|Any CPU.ActiveCfg = Debug|Any CPU
		{C3171C8D-FAD6-4A07-8BFB-141668A871E0}.Debug|Any CPU.Build.0 = Debug|Any CPU
		{C3171C8D-FAD6-4A07-8BFB-141668A871E0}.Release|Any CPU.ActiveCfg = Release|Any CPU
		{C3171C8D-FAD6-4A07-8BFB-141668A871E0}.Release|Any CPU.Build.0 = Release|Any CPU
	EndGlobalSection
	GlobalSection(SolutionProperties) = preSolution
		HideSolutionNode = FALSE
	EndGlobalSection
	GlobalSection(ExtensibilityGlobals) = postSolution
		SolutionGuid = {A3EB1BD5-C9DC-4B89-BD93-4E9E5524E57F}
	EndGlobalSection
EndGlobal
